
Microsoft Visual Studio Solution File, Format Version 12.00
# Visual Studio Version 16
VisualStudioVersion = 16.0.31025.194
MinimumVisualStudioVersion = 10.0.40219.1
Project("{FAE04EC0-301F-11D3-BF4B-00C04F79EFBC}") = "TimeConversion", "TimeConversion\TimeConversion.csproj", "{83085322-F724-4DB3-A7F6-79913782ECE4}"
EndProject
Global
	GlobalSection(SolutionConfigurationPlatforms) = preSolution
		Debug|Any CPU = Debug|Any CPU
		Release|Any CPU = Release|Any CPU
	EndGlobalSection
	GlobalSection(ProjectConfigurationPlatforms) = postSolution
		{83085322-F724-4DB3-A7F6-79913782ECE4}.Debug|Any CPU.ActiveCfg = Debug|Any CPU
		{83085322-F724-4DB3-A7F6-79913782ECE4}.Debug|Any CPU.Build.0 = Debug|Any CPU
		{83085322-F724-4DB3-A7F6-79913782ECE4}.Release|Any CPU.ActiveCfg = Release|Any CPU
		{83085322-F724-4DB3-A7F6-79913782ECE4}.Release|Any CPU.Build.0 = Release|Any CPU
	EndGlobalSection
	GlobalSection(SolutionProperties) = preSolution
		HideSolutionNode = FALSE
	EndGlobalSection
	GlobalSection(ExtensibilityGlobals) = postSolution
		SolutionGuid = {165897AC-412C-47EE-81FF-DD125C80844B}
	EndGlobalSection
EndGlobal
