
Microsoft Visual Studio Solution File, Format Version 12.00
# Visual Studio Version 16
VisualStudioVersion = 16.0.31025.194
MinimumVisualStudioVersion = 10.0.40219.1
Project("{FAE04EC0-301F-11D3-BF4B-00C04F79EFBC}") = "Mini-MaxSum", "Mini-MaxSum\Mini-MaxSum.csproj", "{F5E69998-9276-4428-BCE1-0FA9FCA66D50}"
EndProject
Global
	GlobalSection(SolutionConfigurationPlatforms) = preSolution
		Debug|Any CPU = Debug|Any CPU
		Release|Any CPU = Release|Any CPU
	EndGlobalSection
	GlobalSection(ProjectConfigurationPlatforms) = postSolution
		{F5E69998-9276-4428-BCE1-0FA9FCA66D50}.Debug|Any CPU.ActiveCfg = Debug|Any CPU
		{F5E69998-9276-4428-BCE1-0FA9FCA66D50}.Debug|Any CPU.Build.0 = Debug|Any CPU
		{F5E69998-9276-4428-BCE1-0FA9FCA66D50}.Release|Any CPU.ActiveCfg = Release|Any CPU
		{F5E69998-9276-4428-BCE1-0FA9FCA66D50}.Release|Any CPU.Build.0 = Release|Any CPU
	EndGlobalSection
	GlobalSection(SolutionProperties) = preSolution
		HideSolutionNode = FALSE
	EndGlobalSection
	GlobalSection(ExtensibilityGlobals) = postSolution
		SolutionGuid = {13029251-AB65-4600-B3C8-90FD82544E9D}
	EndGlobalSection
EndGlobal
